
Microsoft Visual Studio Solution File, Format Version 11.00
# Visual Studio 2010
Project("{FAE04EC0-301F-11D3-BF4B-00C04F79EFBC}") = "UnityEngine.UI", "UnityEngine.UI.csproj", "{c6feddf3-2e44-ead4-cd69-8742a8c900c5}"
EndProject
Project("{FAE04EC0-301F-11D3-BF4B-00C04F79EFBC}") = "NaughtyAttributes.Test", "NaughtyAttributes.Test.csproj", "{ae27aac6-04a1-fe5a-0b8d-e9441c5d9382}"
EndProject
Project("{FAE04EC0-301F-11D3-BF4B-00C04F79EFBC}") = "UnityEngine.TestRunner", "UnityEngine.TestRunner.csproj", "{1f7d8ef8-cc14-4091-daec-a4fd56e38bb9}"
EndProject
Project("{FAE04EC0-301F-11D3-BF4B-00C04F79EFBC}") = "Assembly-CSharp-firstpass", "Assembly-CSharp-firstpass.csproj", "{db6617bd-b929-d0ee-f76b-d2ff5a1565b4}"
EndProject
Project("{FAE04EC0-301F-11D3-BF4B-00C04F79EFBC}") = "Unity.Timeline", "Unity.Timeline.csproj", "{2234a0da-a40c-d14c-c074-e924fdc2706f}"
EndProject
Project("{FAE04EC0-301F-11D3-BF4B-00C04F79EFBC}") = "Cinemachine", "Cinemachine.csproj", "{d997d204-64ad-9eba-9a7f-7b6e9c170eb2}"
EndProject
Project("{FAE04EC0-301F-11D3-BF4B-00C04F79EFBC}") = "MoreMountains.NiceVibrations.Haptics", "MoreMountains.NiceVibrations.Haptics.csproj", "{ea35cce6-d82e-585a-6a09-b5437e34dddb}"
EndProject
Project("{FAE04EC0-301F-11D3-BF4B-00C04F79EFBC}") = "LightJson", "LightJson.csproj", "{4273d4c7-fa45-59c8-c1bd-5d316547b38d}"
EndProject
Project("{FAE04EC0-301F-11D3-BF4B-00C04F79EFBC}") = "Unity.TextMeshPro", "Unity.TextMeshPro.csproj", "{71c938b6-9855-7ac8-2adb-34ebfff05ee3}"
EndProject
Project("{FAE04EC0-301F-11D3-BF4B-00C04F79EFBC}") = "NaughtyAttributes.Core", "NaughtyAttributes.Core.csproj", "{e0841ca7-72a9-a2cb-da86-c93b2bbec5f3}"
EndProject
Project("{FAE04EC0-301F-11D3-BF4B-00C04F79EFBC}") = "MoreMountains.NiceVibrations.Demos", "MoreMountains.NiceVibrations.Demos.csproj", "{c9c79143-c6c2-f147-ffac-0bd18315d703}"
EndProject
Project("{FAE04EC0-301F-11D3-BF4B-00C04F79EFBC}") = "Unisave", "Unisave.csproj", "{680d155d-ba1c-ed73-4d1f-d124e8a0e4d6}"
EndProject
Project("{FAE04EC0-301F-11D3-BF4B-00C04F79EFBC}") = "Assembly-CSharp", "Assembly-CSharp.csproj", "{61f7f6c7-70e6-6116-6955-fb455bf9b565}"
EndProject
Project("{FAE04EC0-301F-11D3-BF4B-00C04F79EFBC}") = "MoreMountains.NiceVibrations", "MoreMountains.NiceVibrations.csproj", "{28196d92-5bb5-111d-a8d9-9ed8e15f96ce}"
EndProject
Project("{FAE04EC0-301F-11D3-BF4B-00C04F79EFBC}") = "Unity.HifiveUtilities", "Unity.HifiveUtilities.csproj", "{e1c3a238-9408-e164-679b-97faad5ad61d}"
EndProject
Project("{FAE04EC0-301F-11D3-BF4B-00C04F79EFBC}") = "PathCreator", "PathCreator.csproj", "{c5659013-46c1-03a9-5de1-ccea967641a3}"
EndProject
Project("{FAE04EC0-301F-11D3-BF4B-00C04F79EFBC}") = "Unity.HifiveInputManager", "Unity.HifiveInputManager.csproj", "{4caad8f3-24cc-67cb-e80e-c13346018674}"
EndProject
Project("{FAE04EC0-301F-11D3-BF4B-00C04F79EFBC}") = "PathCreator.Examples", "PathCreator.Examples.csproj", "{72f380dd-3dda-de61-8257-748fbf7cd2c3}"
EndProject
Project("{FAE04EC0-301F-11D3-BF4B-00C04F79EFBC}") = "HifiveShaders.Snowtracks", "HifiveShaders.Snowtracks.csproj", "{41bc72d0-cbca-b9e3-5c79-b5b5acefcd07}"
EndProject
Project("{FAE04EC0-301F-11D3-BF4B-00C04F79EFBC}") = "HifiveShaders.LowPolyWater", "HifiveShaders.LowPolyWater.csproj", "{3ec458d6-4c48-29c2-f25e-93ac80ecc9d6}"
EndProject
Project("{FAE04EC0-301F-11D3-BF4B-00C04F79EFBC}") = "Unity.Recorder", "Unity.Recorder.csproj", "{aa863f4b-091a-5ecb-a699-32c56a94e713}"
EndProject
Project("{FAE04EC0-301F-11D3-BF4B-00C04F79EFBC}") = "Unity.HifivePaint", "Unity.HifivePaint.csproj", "{fb35bf34-2af6-4b77-6c26-e2dd2dc197ba}"
EndProject
Project("{FAE04EC0-301F-11D3-BF4B-00C04F79EFBC}") = "Unity.HifiveVibrator", "Unity.HifiveVibrator.csproj", "{05e2190e-bbc7-36e2-e850-a2484fd723f7}"
EndProject
Project("{FAE04EC0-301F-11D3-BF4B-00C04F79EFBC}") = "Unity.Recorder.Base", "Unity.Recorder.Base.csproj", "{ed8abca9-a9a5-2ab8-1b6a-52a9a172d42d}"
EndProject
Project("{FAE04EC0-301F-11D3-BF4B-00C04F79EFBC}") = "UnityEditor.TestRunner", "UnityEditor.TestRunner.csproj", "{9d4c53de-8a13-2c52-7a15-a1a70bed590d}"
EndProject
Project("{FAE04EC0-301F-11D3-BF4B-00C04F79EFBC}") = "Unity.PlasticSCM.Editor", "Unity.PlasticSCM.Editor.csproj", "{ffdc10a7-455d-240d-ff5f-14ec08aee3be}"
EndProject
Project("{FAE04EC0-301F-11D3-BF4B-00C04F79EFBC}") = "UnityEditor.UI", "UnityEditor.UI.csproj", "{bd311470-e8b9-10e4-f7c3-0a7c7373e7d1}"
EndProject
Project("{FAE04EC0-301F-11D3-BF4B-00C04F79EFBC}") = "Unity.Timeline.Editor", "Unity.Timeline.Editor.csproj", "{03d2bbb9-4c11-77a7-a55b-395b1f4fa0a6}"
EndProject
Project("{FAE04EC0-301F-11D3-BF4B-00C04F79EFBC}") = "Unity.VisualStudio.Editor", "Unity.VisualStudio.Editor.csproj", "{abcbc0dc-eb25-3fb6-b92b-22c09e628a9a}"
EndProject
Project("{FAE04EC0-301F-11D3-BF4B-00C04F79EFBC}") = "Unity.Recorder.Editor", "Unity.Recorder.Editor.csproj", "{6eac698f-5949-d1f1-73f6-f2ea80ac512d}"
EndProject
Project("{FAE04EC0-301F-11D3-BF4B-00C04F79EFBC}") = "com.unity.cinemachine.editor", "com.unity.cinemachine.editor.csproj", "{fb402fb9-1e67-563d-08c4-432ffb18d5c7}"
EndProject
Project("{FAE04EC0-301F-11D3-BF4B-00C04F79EFBC}") = "NaughtyAttributes.Editor", "NaughtyAttributes.Editor.csproj", "{ad59e5b0-0926-5bef-3410-ef4c6ed99f6e}"
EndProject
Project("{FAE04EC0-301F-11D3-BF4B-00C04F79EFBC}") = "Unity.TextMeshPro.Editor", "Unity.TextMeshPro.Editor.csproj", "{d8ae8095-a2b4-41c1-011c-c3e91f62d205}"
EndProject
Project("{FAE04EC0-301F-11D3-BF4B-00C04F79EFBC}") = "Unity.CollabProxy.Editor", "Unity.CollabProxy.Editor.csproj", "{7923e625-9098-f50c-05d5-138852ace7ad}"
EndProject
Project("{FAE04EC0-301F-11D3-BF4B-00C04F79EFBC}") = "Assembly-CSharp-Editor-firstpass", "Assembly-CSharp-Editor-firstpass.csproj", "{e5c4bb14-2880-3f2c-b151-1341b93dc1a9}"
EndProject
Project("{FAE04EC0-301F-11D3-BF4B-00C04F79EFBC}") = "PathCreatorEditor", "PathCreatorEditor.csproj", "{168e6b61-a677-d330-a494-48bb1d30f3dc}"
EndProject
Project("{FAE04EC0-301F-11D3-BF4B-00C04F79EFBC}") = "Unity.Rider.Editor", "Unity.Rider.Editor.csproj", "{072067ed-bd54-8dda-3b69-7d48a1db6669}"
EndProject
Project("{FAE04EC0-301F-11D3-BF4B-00C04F79EFBC}") = "Assembly-CSharp-Editor", "Assembly-CSharp-Editor.csproj", "{9a38d7d8-8798-2031-4244-3d86d5bf3de5}"
EndProject
Project("{FAE04EC0-301F-11D3-BF4B-00C04F79EFBC}") = "Unity.VSCode.Editor", "Unity.VSCode.Editor.csproj", "{25efb517-dc8d-0a7b-e285-0c04e2e89175}"
EndProject
Project("{FAE04EC0-301F-11D3-BF4B-00C04F79EFBC}") = "MoreMountains.NiceVibrations.Editor", "MoreMountains.NiceVibrations.Editor.csproj", "{9e7d7ef0-0201-1090-93a3-641835c885d2}"
EndProject
Project("{FAE04EC0-301F-11D3-BF4B-00C04F79EFBC}") = "Unity.HifiveInputManager.Editor", "Unity.HifiveInputManager.Editor.csproj", "{868b6570-3f36-f25c-0cea-fe5896fb23d3}"
EndProject
Project("{FAE04EC0-301F-11D3-BF4B-00C04F79EFBC}") = "Unity.HifiveShaders.Editor", "Unity.HifiveShaders.Editor.csproj", "{09c3796e-9f45-4483-155e-387169ae2b8f}"
EndProject
Project("{FAE04EC0-301F-11D3-BF4B-00C04F79EFBC}") = "Unity.HifiveUtilities.Editor", "Unity.HifiveUtilities.Editor.csproj", "{37d513a7-5e75-156f-7a06-34ee6f181cc4}"
EndProject
Project("{FAE04EC0-301F-11D3-BF4B-00C04F79EFBC}") = "Unity.HifivePathManager.Editor", "Unity.HifivePathManager.Editor.csproj", "{c22b2f76-e42f-9adb-7b31-aabb8b4a28ec}"
EndProject
Project("{FAE04EC0-301F-11D3-BF4B-00C04F79EFBC}") = "PathCreator.Examples.Editor", "PathCreator.Examples.Editor.csproj", "{d09e9104-0ae7-6c47-e3c6-4b62ef542165}"
EndProject
Project("{FAE04EC0-301F-11D3-BF4B-00C04F79EFBC}") = "UnityEngine.UI", "UnityEngine.UI.Player.csproj", "{1bfdb46a-e964-1083-f110-5b3fd6ad05a6}"
EndProject
Project("{FAE04EC0-301F-11D3-BF4B-00C04F79EFBC}") = "NaughtyAttributes.Test", "NaughtyAttributes.Test.Player.csproj", "{b3d2d375-4d92-e35a-9de3-7e672d88ba80}"
EndProject
Project("{FAE04EC0-301F-11D3-BF4B-00C04F79EFBC}") = "UnityEngine.TestRunner", "UnityEngine.TestRunner.Player.csproj", "{e03f7e23-ea88-17b6-2185-b514f5b20ff5}"
EndProject
Project("{FAE04EC0-301F-11D3-BF4B-00C04F79EFBC}") = "Assembly-CSharp-firstpass", "Assembly-CSharp-firstpass.Player.csproj", "{f13a7b4e-f6f9-9cf7-6101-af690aa867bf}"
EndProject
Project("{FAE04EC0-301F-11D3-BF4B-00C04F79EFBC}") = "Unity.Timeline", "Unity.Timeline.Player.csproj", "{aac1df98-6835-3fe8-bc24-c854a0aa39c0}"
EndProject
Project("{FAE04EC0-301F-11D3-BF4B-00C04F79EFBC}") = "Cinemachine", "Cinemachine.Player.csproj", "{f1e0cf23-1322-5bb1-1328-1fced984126c}"
EndProject
Project("{FAE04EC0-301F-11D3-BF4B-00C04F79EFBC}") = "MoreMountains.NiceVibrations.Haptics", "MoreMountains.NiceVibrations.Haptics.Player.csproj", "{9085eaa7-4732-69f7-27e0-f2dac88082f1}"
EndProject
Project("{FAE04EC0-301F-11D3-BF4B-00C04F79EFBC}") = "LightJson", "LightJson.Player.csproj", "{7a7af0d3-b5b9-e274-a7a7-4b17d8c89d8e}"
EndProject
Project("{FAE04EC0-301F-11D3-BF4B-00C04F79EFBC}") = "Unity.TextMeshPro", "Unity.TextMeshPro.Player.csproj", "{67d8cb8f-a0db-79c0-7bda-1bc4aadcdfb3}"
EndProject
Project("{FAE04EC0-301F-11D3-BF4B-00C04F79EFBC}") = "NaughtyAttributes.Core", "NaughtyAttributes.Core.Player.csproj", "{d9761237-b1c8-a014-a205-29b8ae6af493}"
EndProject
Project("{FAE04EC0-301F-11D3-BF4B-00C04F79EFBC}") = "MoreMountains.NiceVibrations.Demos", "MoreMountains.NiceVibrations.Demos.Player.csproj", "{e081f9b6-2409-f5e0-b17e-9c172eed65a4}"
EndProject
Project("{FAE04EC0-301F-11D3-BF4B-00C04F79EFBC}") = "Unisave", "Unisave.Player.csproj", "{a0c981f1-78dc-4389-ce0d-36d73c03a586}"
EndProject
Project("{FAE04EC0-301F-11D3-BF4B-00C04F79EFBC}") = "Assembly-CSharp", "Assembly-CSharp.Player.csproj", "{6c744103-d0d9-76cc-aaf9-5027265ad29c}"
EndProject
Project("{FAE04EC0-301F-11D3-BF4B-00C04F79EFBC}") = "MoreMountains.NiceVibrations", "MoreMountains.NiceVibrations.Player.csproj", "{d0c78e01-8a7a-e3d8-3daf-986030a5d0a1}"
EndProject
Project("{FAE04EC0-301F-11D3-BF4B-00C04F79EFBC}") = "Unity.HifiveUtilities", "Unity.HifiveUtilities.Player.csproj", "{3fcc0934-c09c-e7d5-6d14-64b2a9deeff8}"
EndProject
Project("{FAE04EC0-301F-11D3-BF4B-00C04F79EFBC}") = "PathCreator", "PathCreator.Player.csproj", "{7c3e4ffb-6dd3-f0bd-e9e7-a7485742395b}"
EndProject
Project("{FAE04EC0-301F-11D3-BF4B-00C04F79EFBC}") = "Unity.HifiveInputManager", "Unity.HifiveInputManager.Player.csproj", "{00a2e707-0d46-4e40-502e-90780267b31a}"
EndProject
Project("{FAE04EC0-301F-11D3-BF4B-00C04F79EFBC}") = "PathCreator.Examples", "PathCreator.Examples.Player.csproj", "{1deef85a-9f4d-c805-dcb1-e4892b5ba5f8}"
EndProject
Project("{FAE04EC0-301F-11D3-BF4B-00C04F79EFBC}") = "HifiveShaders.Snowtracks", "HifiveShaders.Snowtracks.Player.csproj", "{a3383221-82d7-5971-bb5a-77e2fff655fd}"
EndProject
Project("{FAE04EC0-301F-11D3-BF4B-00C04F79EFBC}") = "HifiveShaders.LowPolyWater", "HifiveShaders.LowPolyWater.Player.csproj", "{9670b376-1064-3efe-e854-acde7a4a19d4}"
EndProject
Project("{FAE04EC0-301F-11D3-BF4B-00C04F79EFBC}") = "Unity.Recorder", "Unity.Recorder.Player.csproj", "{dc9aba4f-22fb-40a3-3904-0b74d7f1b339}"
EndProject
Project("{FAE04EC0-301F-11D3-BF4B-00C04F79EFBC}") = "Unity.HifivePaint", "Unity.HifivePaint.Player.csproj", "{7562c180-322f-7df2-38ba-649cfda86736}"
EndProject
Project("{FAE04EC0-301F-11D3-BF4B-00C04F79EFBC}") = "Unity.HifiveVibrator", "Unity.HifiveVibrator.Player.csproj", "{d53834e1-5714-7837-5889-26a3fe2c181b}"
EndProject
Project("{FAE04EC0-301F-11D3-BF4B-00C04F79EFBC}") = "Unity.Recorder.Base", "Unity.Recorder.Base.Player.csproj", "{581a3ef3-90a3-99aa-aee1-abe0997bc840}"
EndProject
Project("{FAE04EC0-301F-11D3-BF4B-00C04F79EFBC}") = "MoreMountains.NiceVibrations.Rumble", "MoreMountains.NiceVibrations.Rumble.csproj", "{3df3c0cc-00cb-d322-002c-3660de096e9d}"
EndProject
Project("{FAE04EC0-301F-11D3-BF4B-00C04F79EFBC}") = "Unity.PlasticSCM.EditorTests", "Unity.PlasticSCM.EditorTests.csproj", "{858aa462-2ed9-5ac0-f8f9-19848fa68d9d}"
EndProject
Project("{FAE04EC0-301F-11D3-BF4B-00C04F79EFBC}") = "Unity.TextMeshPro.Editor.Tests", "Unity.TextMeshPro.Editor.Tests.csproj", "{e9e97cbe-4c20-d839-86c0-97a1eff437b2}"
EndProject
Project("{FAE04EC0-301F-11D3-BF4B-00C04F79EFBC}") = "DocCodeExamples", "DocCodeExamples.csproj", "{cbd3fa62-a56c-c930-b6af-e3692019c962}"
EndProject
Project("{FAE04EC0-301F-11D3-BF4B-00C04F79EFBC}") = "com.unity.cinemachine.EditorTests", "com.unity.cinemachine.EditorTests.csproj", "{121d762d-135d-1cbb-c1cb-3ef3cc6d9b9b}"
EndProject
Project("{FAE04EC0-301F-11D3-BF4B-00C04F79EFBC}") = "MoreMountains.NiceVibrations.Rumble.Editor", "MoreMountains.NiceVibrations.Rumble.Editor.csproj", "{5c0334e1-3b38-e12a-ae6a-7fa3c9210513}"
EndProject
Project("{FAE04EC0-301F-11D3-BF4B-00C04F79EFBC}") = "Unity.CollabProxy.EditorTests", "Unity.CollabProxy.EditorTests.csproj", "{17a7ddde-8492-77f0-6c3c-9eebb7cfd8e0}"
EndProject
Project("{FAE04EC0-301F-11D3-BF4B-00C04F79EFBC}") = "UnityEngine.UI.Tests", "UnityEngine.UI.Tests.csproj", "{d6a64dee-c3fe-d29b-45b2-0f1772d60b42}"
EndProject
Project("{FAE04EC0-301F-11D3-BF4B-00C04F79EFBC}") = "com.unity.cinemachine.Tests", "com.unity.cinemachine.Tests.csproj", "{d42160cb-9c26-ee7a-d11a-04c5934547ae}"
EndProject
Project("{FAE04EC0-301F-11D3-BF4B-00C04F79EFBC}") = "Unity.TextMeshPro.Tests", "Unity.TextMeshPro.Tests.csproj", "{82bd13b6-3809-649e-c4fa-8e935ea4c1de}"
EndProject
Project("{FAE04EC0-301F-11D3-BF4B-00C04F79EFBC}") = "UnityEditor.UI.EditorTests", "UnityEditor.UI.EditorTests.csproj", "{16b2980d-b26e-a66a-8965-771676268df9}"
EndProject
Global
	GlobalSection(SolutionConfigurationPlatforms) = preSolution
		Debug|Any CPU = Debug|Any CPU
	EndGlobalSection
	GlobalSection(ProjectConfigurationPlatforms) = postSolution
		{c6feddf3-2e44-ead4-cd69-8742a8c900c5}.Debug|Any CPU.ActiveCfg = Debug|Any CPU
		{c6feddf3-2e44-ead4-cd69-8742a8c900c5}.Debug|Any CPU.Build.0 = Debug|Any CPU
		{ae27aac6-04a1-fe5a-0b8d-e9441c5d9382}.Debug|Any CPU.ActiveCfg = Debug|Any CPU
		{ae27aac6-04a1-fe5a-0b8d-e9441c5d9382}.Debug|Any CPU.Build.0 = Debug|Any CPU
		{1f7d8ef8-cc14-4091-daec-a4fd56e38bb9}.Debug|Any CPU.ActiveCfg = Debug|Any CPU
		{1f7d8ef8-cc14-4091-daec-a4fd56e38bb9}.Debug|Any CPU.Build.0 = Debug|Any CPU
		{db6617bd-b929-d0ee-f76b-d2ff5a1565b4}.Debug|Any CPU.ActiveCfg = Debug|Any CPU
		{db6617bd-b929-d0ee-f76b-d2ff5a1565b4}.Debug|Any CPU.Build.0 = Debug|Any CPU
		{2234a0da-a40c-d14c-c074-e924fdc2706f}.Debug|Any CPU.ActiveCfg = Debug|Any CPU
		{2234a0da-a40c-d14c-c074-e924fdc2706f}.Debug|Any CPU.Build.0 = Debug|Any CPU
		{d997d204-64ad-9eba-9a7f-7b6e9c170eb2}.Debug|Any CPU.ActiveCfg = Debug|Any CPU
		{d997d204-64ad-9eba-9a7f-7b6e9c170eb2}.Debug|Any CPU.Build.0 = Debug|Any CPU
		{ea35cce6-d82e-585a-6a09-b5437e34dddb}.Debug|Any CPU.ActiveCfg = Debug|Any CPU
		{ea35cce6-d82e-585a-6a09-b5437e34dddb}.Debug|Any CPU.Build.0 = Debug|Any CPU
		{4273d4c7-fa45-59c8-c1bd-5d316547b38d}.Debug|Any CPU.ActiveCfg = Debug|Any CPU
		{4273d4c7-fa45-59c8-c1bd-5d316547b38d}.Debug|Any CPU.Build.0 = Debug|Any CPU
		{71c938b6-9855-7ac8-2adb-34ebfff05ee3}.Debug|Any CPU.ActiveCfg = Debug|Any CPU
		{71c938b6-9855-7ac8-2adb-34ebfff05ee3}.Debug|Any CPU.Build.0 = Debug|Any CPU
		{e0841ca7-72a9-a2cb-da86-c93b2bbec5f3}.Debug|Any CPU.ActiveCfg = Debug|Any CPU
		{e0841ca7-72a9-a2cb-da86-c93b2bbec5f3}.Debug|Any CPU.Build.0 = Debug|Any CPU
		{c9c79143-c6c2-f147-ffac-0bd18315d703}.Debug|Any CPU.ActiveCfg = Debug|Any CPU
		{c9c79143-c6c2-f147-ffac-0bd18315d703}.Debug|Any CPU.Build.0 = Debug|Any CPU
		{680d155d-ba1c-ed73-4d1f-d124e8a0e4d6}.Debug|Any CPU.ActiveCfg = Debug|Any CPU
		{680d155d-ba1c-ed73-4d1f-d124e8a0e4d6}.Debug|Any CPU.Build.0 = Debug|Any CPU
		{61f7f6c7-70e6-6116-6955-fb455bf9b565}.Debug|Any CPU.ActiveCfg = Debug|Any CPU
		{61f7f6c7-70e6-6116-6955-fb455bf9b565}.Debug|Any CPU.Build.0 = Debug|Any CPU
		{28196d92-5bb5-111d-a8d9-9ed8e15f96ce}.Debug|Any CPU.ActiveCfg = Debug|Any CPU
		{28196d92-5bb5-111d-a8d9-9ed8e15f96ce}.Debug|Any CPU.Build.0 = Debug|Any CPU
		{e1c3a238-9408-e164-679b-97faad5ad61d}.Debug|Any CPU.ActiveCfg = Debug|Any CPU
		{e1c3a238-9408-e164-679b-97faad5ad61d}.Debug|Any CPU.Build.0 = Debug|Any CPU
		{c5659013-46c1-03a9-5de1-ccea967641a3}.Debug|Any CPU.ActiveCfg = Debug|Any CPU
		{c5659013-46c1-03a9-5de1-ccea967641a3}.Debug|Any CPU.Build.0 = Debug|Any CPU
		{4caad8f3-24cc-67cb-e80e-c13346018674}.Debug|Any CPU.ActiveCfg = Debug|Any CPU
		{4caad8f3-24cc-67cb-e80e-c13346018674}.Debug|Any CPU.Build.0 = Debug|Any CPU
		{72f380dd-3dda-de61-8257-748fbf7cd2c3}.Debug|Any CPU.ActiveCfg = Debug|Any CPU
		{72f380dd-3dda-de61-8257-748fbf7cd2c3}.Debug|Any CPU.Build.0 = Debug|Any CPU
		{41bc72d0-cbca-b9e3-5c79-b5b5acefcd07}.Debug|Any CPU.ActiveCfg = Debug|Any CPU
		{41bc72d0-cbca-b9e3-5c79-b5b5acefcd07}.Debug|Any CPU.Build.0 = Debug|Any CPU
		{3ec458d6-4c48-29c2-f25e-93ac80ecc9d6}.Debug|Any CPU.ActiveCfg = Debug|Any CPU
		{3ec458d6-4c48-29c2-f25e-93ac80ecc9d6}.Debug|Any CPU.Build.0 = Debug|Any CPU
		{aa863f4b-091a-5ecb-a699-32c56a94e713}.Debug|Any CPU.ActiveCfg = Debug|Any CPU
		{aa863f4b-091a-5ecb-a699-32c56a94e713}.Debug|Any CPU.Build.0 = Debug|Any CPU
		{fb35bf34-2af6-4b77-6c26-e2dd2dc197ba}.Debug|Any CPU.ActiveCfg = Debug|Any CPU
		{fb35bf34-2af6-4b77-6c26-e2dd2dc197ba}.Debug|Any CPU.Build.0 = Debug|Any CPU
		{05e2190e-bbc7-36e2-e850-a2484fd723f7}.Debug|Any CPU.ActiveCfg = Debug|Any CPU
		{05e2190e-bbc7-36e2-e850-a2484fd723f7}.Debug|Any CPU.Build.0 = Debug|Any CPU
		{ed8abca9-a9a5-2ab8-1b6a-52a9a172d42d}.Debug|Any CPU.ActiveCfg = Debug|Any CPU
		{ed8abca9-a9a5-2ab8-1b6a-52a9a172d42d}.Debug|Any CPU.Build.0 = Debug|Any CPU
		{9d4c53de-8a13-2c52-7a15-a1a70bed590d}.Debug|Any CPU.ActiveCfg = Debug|Any CPU
		{9d4c53de-8a13-2c52-7a15-a1a70bed590d}.Debug|Any CPU.Build.0 = Debug|Any CPU
		{ffdc10a7-455d-240d-ff5f-14ec08aee3be}.Debug|Any CPU.ActiveCfg = Debug|Any CPU
		{ffdc10a7-455d-240d-ff5f-14ec08aee3be}.Debug|Any CPU.Build.0 = Debug|Any CPU
		{bd311470-e8b9-10e4-f7c3-0a7c7373e7d1}.Debug|Any CPU.ActiveCfg = Debug|Any CPU
		{bd311470-e8b9-10e4-f7c3-0a7c7373e7d1}.Debug|Any CPU.Build.0 = Debug|Any CPU
		{03d2bbb9-4c11-77a7-a55b-395b1f4fa0a6}.Debug|Any CPU.ActiveCfg = Debug|Any CPU
		{03d2bbb9-4c11-77a7-a55b-395b1f4fa0a6}.Debug|Any CPU.Build.0 = Debug|Any CPU
		{abcbc0dc-eb25-3fb6-b92b-22c09e628a9a}.Debug|Any CPU.ActiveCfg = Debug|Any CPU
		{abcbc0dc-eb25-3fb6-b92b-22c09e628a9a}.Debug|Any CPU.Build.0 = Debug|Any CPU
		{6eac698f-5949-d1f1-73f6-f2ea80ac512d}.Debug|Any CPU.ActiveCfg = Debug|Any CPU
		{6eac698f-5949-d1f1-73f6-f2ea80ac512d}.Debug|Any CPU.Build.0 = Debug|Any CPU
		{fb402fb9-1e67-563d-08c4-432ffb18d5c7}.Debug|Any CPU.ActiveCfg = Debug|Any CPU
		{fb402fb9-1e67-563d-08c4-432ffb18d5c7}.Debug|Any CPU.Build.0 = Debug|Any CPU
		{ad59e5b0-0926-5bef-3410-ef4c6ed99f6e}.Debug|Any CPU.ActiveCfg = Debug|Any CPU
		{ad59e5b0-0926-5bef-3410-ef4c6ed99f6e}.Debug|Any CPU.Build.0 = Debug|Any CPU
		{d8ae8095-a2b4-41c1-011c-c3e91f62d205}.Debug|Any CPU.ActiveCfg = Debug|Any CPU
		{d8ae8095-a2b4-41c1-011c-c3e91f62d205}.Debug|Any CPU.Build.0 = Debug|Any CPU
		{7923e625-9098-f50c-05d5-138852ace7ad}.Debug|Any CPU.ActiveCfg = Debug|Any CPU
		{7923e625-9098-f50c-05d5-138852ace7ad}.Debug|Any CPU.Build.0 = Debug|Any CPU
		{e5c4bb14-2880-3f2c-b151-1341b93dc1a9}.Debug|Any CPU.ActiveCfg = Debug|Any CPU
		{e5c4bb14-2880-3f2c-b151-1341b93dc1a9}.Debug|Any CPU.Build.0 = Debug|Any CPU
		{168e6b61-a677-d330-a494-48bb1d30f3dc}.Debug|Any CPU.ActiveCfg = Debug|Any CPU
		{168e6b61-a677-d330-a494-48bb1d30f3dc}.Debug|Any CPU.Build.0 = Debug|Any CPU
		{072067ed-bd54-8dda-3b69-7d48a1db6669}.Debug|Any CPU.ActiveCfg = Debug|Any CPU
		{072067ed-bd54-8dda-3b69-7d48a1db6669}.Debug|Any CPU.Build.0 = Debug|Any CPU
		{9a38d7d8-8798-2031-4244-3d86d5bf3de5}.Debug|Any CPU.ActiveCfg = Debug|Any CPU
		{9a38d7d8-8798-2031-4244-3d86d5bf3de5}.Debug|Any CPU.Build.0 = Debug|Any CPU
		{25efb517-dc8d-0a7b-e285-0c04e2e89175}.Debug|Any CPU.ActiveCfg = Debug|Any CPU
		{25efb517-dc8d-0a7b-e285-0c04e2e89175}.Debug|Any CPU.Build.0 = Debug|Any CPU
		{9e7d7ef0-0201-1090-93a3-641835c885d2}.Debug|Any CPU.ActiveCfg = Debug|Any CPU
		{9e7d7ef0-0201-1090-93a3-641835c885d2}.Debug|Any CPU.Build.0 = Debug|Any CPU
		{868b6570-3f36-f25c-0cea-fe5896fb23d3}.Debug|Any CPU.ActiveCfg = Debug|Any CPU
		{868b6570-3f36-f25c-0cea-fe5896fb23d3}.Debug|Any CPU.Build.0 = Debug|Any CPU
		{09c3796e-9f45-4483-155e-387169ae2b8f}.Debug|Any CPU.ActiveCfg = Debug|Any CPU
		{09c3796e-9f45-4483-155e-387169ae2b8f}.Debug|Any CPU.Build.0 = Debug|Any CPU
		{37d513a7-5e75-156f-7a06-34ee6f181cc4}.Debug|Any CPU.ActiveCfg = Debug|Any CPU
		{37d513a7-5e75-156f-7a06-34ee6f181cc4}.Debug|Any CPU.Build.0 = Debug|Any CPU
		{c22b2f76-e42f-9adb-7b31-aabb8b4a28ec}.Debug|Any CPU.ActiveCfg = Debug|Any CPU
		{c22b2f76-e42f-9adb-7b31-aabb8b4a28ec}.Debug|Any CPU.Build.0 = Debug|Any CPU
		{d09e9104-0ae7-6c47-e3c6-4b62ef542165}.Debug|Any CPU.ActiveCfg = Debug|Any CPU
		{d09e9104-0ae7-6c47-e3c6-4b62ef542165}.Debug|Any CPU.Build.0 = Debug|Any CPU
		{1bfdb46a-e964-1083-f110-5b3fd6ad05a6}.Debug|Any CPU.ActiveCfg = Debug|Any CPU
		{1bfdb46a-e964-1083-f110-5b3fd6ad05a6}.Debug|Any CPU.Build.0 = Debug|Any CPU
		{b3d2d375-4d92-e35a-9de3-7e672d88ba80}.Debug|Any CPU.ActiveCfg = Debug|Any CPU
		{b3d2d375-4d92-e35a-9de3-7e672d88ba80}.Debug|Any CPU.Build.0 = Debug|Any CPU
		{e03f7e23-ea88-17b6-2185-b514f5b20ff5}.Debug|Any CPU.ActiveCfg = Debug|Any CPU
		{e03f7e23-ea88-17b6-2185-b514f5b20ff5}.Debug|Any CPU.Build.0 = Debug|Any CPU
		{f13a7b4e-f6f9-9cf7-6101-af690aa867bf}.Debug|Any CPU.ActiveCfg = Debug|Any CPU
		{f13a7b4e-f6f9-9cf7-6101-af690aa867bf}.Debug|Any CPU.Build.0 = Debug|Any CPU
		{aac1df98-6835-3fe8-bc24-c854a0aa39c0}.Debug|Any CPU.ActiveCfg = Debug|Any CPU
		{aac1df98-6835-3fe8-bc24-c854a0aa39c0}.Debug|Any CPU.Build.0 = Debug|Any CPU
		{f1e0cf23-1322-5bb1-1328-1fced984126c}.Debug|Any CPU.ActiveCfg = Debug|Any CPU
		{f1e0cf23-1322-5bb1-1328-1fced984126c}.Debug|Any CPU.Build.0 = Debug|Any CPU
		{9085eaa7-4732-69f7-27e0-f2dac88082f1}.Debug|Any CPU.ActiveCfg = Debug|Any CPU
		{9085eaa7-4732-69f7-27e0-f2dac88082f1}.Debug|Any CPU.Build.0 = Debug|Any CPU
		{7a7af0d3-b5b9-e274-a7a7-4b17d8c89d8e}.Debug|Any CPU.ActiveCfg = Debug|Any CPU
		{7a7af0d3-b5b9-e274-a7a7-4b17d8c89d8e}.Debug|Any CPU.Build.0 = Debug|Any CPU
		{67d8cb8f-a0db-79c0-7bda-1bc4aadcdfb3}.Debug|Any CPU.ActiveCfg = Debug|Any CPU
		{67d8cb8f-a0db-79c0-7bda-1bc4aadcdfb3}.Debug|Any CPU.Build.0 = Debug|Any CPU
		{d9761237-b1c8-a014-a205-29b8ae6af493}.Debug|Any CPU.ActiveCfg = Debug|Any CPU
		{d9761237-b1c8-a014-a205-29b8ae6af493}.Debug|Any CPU.Build.0 = Debug|Any CPU
		{e081f9b6-2409-f5e0-b17e-9c172eed65a4}.Debug|Any CPU.ActiveCfg = Debug|Any CPU
		{e081f9b6-2409-f5e0-b17e-9c172eed65a4}.Debug|Any CPU.Build.0 = Debug|Any CPU
		{a0c981f1-78dc-4389-ce0d-36d73c03a586}.Debug|Any CPU.ActiveCfg = Debug|Any CPU
		{a0c981f1-78dc-4389-ce0d-36d73c03a586}.Debug|Any CPU.Build.0 = Debug|Any CPU
		{6c744103-d0d9-76cc-aaf9-5027265ad29c}.Debug|Any CPU.ActiveCfg = Debug|Any CPU
		{6c744103-d0d9-76cc-aaf9-5027265ad29c}.Debug|Any CPU.Build.0 = Debug|Any CPU
		{d0c78e01-8a7a-e3d8-3daf-986030a5d0a1}.Debug|Any CPU.ActiveCfg = Debug|Any CPU
		{d0c78e01-8a7a-e3d8-3daf-986030a5d0a1}.Debug|Any CPU.Build.0 = Debug|Any CPU
		{3fcc0934-c09c-e7d5-6d14-64b2a9deeff8}.Debug|Any CPU.ActiveCfg = Debug|Any CPU
		{3fcc0934-c09c-e7d5-6d14-64b2a9deeff8}.Debug|Any CPU.Build.0 = Debug|Any CPU
		{7c3e4ffb-6dd3-f0bd-e9e7-a7485742395b}.Debug|Any CPU.ActiveCfg = Debug|Any CPU
		{7c3e4ffb-6dd3-f0bd-e9e7-a7485742395b}.Debug|Any CPU.Build.0 = Debug|Any CPU
		{00a2e707-0d46-4e40-502e-90780267b31a}.Debug|Any CPU.ActiveCfg = Debug|Any CPU
		{00a2e707-0d46-4e40-502e-90780267b31a}.Debug|Any CPU.Build.0 = Debug|Any CPU
		{1deef85a-9f4d-c805-dcb1-e4892b5ba5f8}.Debug|Any CPU.ActiveCfg = Debug|Any CPU
		{1deef85a-9f4d-c805-dcb1-e4892b5ba5f8}.Debug|Any CPU.Build.0 = Debug|Any CPU
		{a3383221-82d7-5971-bb5a-77e2fff655fd}.Debug|Any CPU.ActiveCfg = Debug|Any CPU
		{a3383221-82d7-5971-bb5a-77e2fff655fd}.Debug|Any CPU.Build.0 = Debug|Any CPU
		{9670b376-1064-3efe-e854-acde7a4a19d4}.Debug|Any CPU.ActiveCfg = Debug|Any CPU
		{9670b376-1064-3efe-e854-acde7a4a19d4}.Debug|Any CPU.Build.0 = Debug|Any CPU
		{dc9aba4f-22fb-40a3-3904-0b74d7f1b339}.Debug|Any CPU.ActiveCfg = Debug|Any CPU
		{dc9aba4f-22fb-40a3-3904-0b74d7f1b339}.Debug|Any CPU.Build.0 = Debug|Any CPU
		{7562c180-322f-7df2-38ba-649cfda86736}.Debug|Any CPU.ActiveCfg = Debug|Any CPU
		{7562c180-322f-7df2-38ba-649cfda86736}.Debug|Any CPU.Build.0 = Debug|Any CPU
		{d53834e1-5714-7837-5889-26a3fe2c181b}.Debug|Any CPU.ActiveCfg = Debug|Any CPU
		{d53834e1-5714-7837-5889-26a3fe2c181b}.Debug|Any CPU.Build.0 = Debug|Any CPU
		{581a3ef3-90a3-99aa-aee1-abe0997bc840}.Debug|Any CPU.ActiveCfg = Debug|Any CPU
		{581a3ef3-90a3-99aa-aee1-abe0997bc840}.Debug|Any CPU.Build.0 = Debug|Any CPU
		{3df3c0cc-00cb-d322-002c-3660de096e9d}.Debug|Any CPU.ActiveCfg = Debug|Any CPU
		{3df3c0cc-00cb-d322-002c-3660de096e9d}.Debug|Any CPU.Build.0 = Debug|Any CPU
		{858aa462-2ed9-5ac0-f8f9-19848fa68d9d}.Debug|Any CPU.ActiveCfg = Debug|Any CPU
		{858aa462-2ed9-5ac0-f8f9-19848fa68d9d}.Debug|Any CPU.Build.0 = Debug|Any CPU
		{e9e97cbe-4c20-d839-86c0-97a1eff437b2}.Debug|Any CPU.ActiveCfg = Debug|Any CPU
		{e9e97cbe-4c20-d839-86c0-97a1eff437b2}.Debug|Any CPU.Build.0 = Debug|Any CPU
		{cbd3fa62-a56c-c930-b6af-e3692019c962}.Debug|Any CPU.ActiveCfg = Debug|Any CPU
		{cbd3fa62-a56c-c930-b6af-e3692019c962}.Debug|Any CPU.Build.0 = Debug|Any CPU
		{121d762d-135d-1cbb-c1cb-3ef3cc6d9b9b}.Debug|Any CPU.ActiveCfg = Debug|Any CPU
		{121d762d-135d-1cbb-c1cb-3ef3cc6d9b9b}.Debug|Any CPU.Build.0 = Debug|Any CPU
		{5c0334e1-3b38-e12a-ae6a-7fa3c9210513}.Debug|Any CPU.ActiveCfg = Debug|Any CPU
		{5c0334e1-3b38-e12a-ae6a-7fa3c9210513}.Debug|Any CPU.Build.0 = Debug|Any CPU
		{17a7ddde-8492-77f0-6c3c-9eebb7cfd8e0}.Debug|Any CPU.ActiveCfg = Debug|Any CPU
		{17a7ddde-8492-77f0-6c3c-9eebb7cfd8e0}.Debug|Any CPU.Build.0 = Debug|Any CPU
		{d6a64dee-c3fe-d29b-45b2-0f1772d60b42}.Debug|Any CPU.ActiveCfg = Debug|Any CPU
		{d6a64dee-c3fe-d29b-45b2-0f1772d60b42}.Debug|Any CPU.Build.0 = Debug|Any CPU
		{d42160cb-9c26-ee7a-d11a-04c5934547ae}.Debug|Any CPU.ActiveCfg = Debug|Any CPU
		{d42160cb-9c26-ee7a-d11a-04c5934547ae}.Debug|Any CPU.Build.0 = Debug|Any CPU
		{82bd13b6-3809-649e-c4fa-8e935ea4c1de}.Debug|Any CPU.ActiveCfg = Debug|Any CPU
		{82bd13b6-3809-649e-c4fa-8e935ea4c1de}.Debug|Any CPU.Build.0 = Debug|Any CPU
		{16b2980d-b26e-a66a-8965-771676268df9}.Debug|Any CPU.ActiveCfg = Debug|Any CPU
		{16b2980d-b26e-a66a-8965-771676268df9}.Debug|Any CPU.Build.0 = Debug|Any CPU
	EndGlobalSection
	GlobalSection(SolutionProperties) = preSolution
		HideSolutionNode = FALSE
	EndGlobalSection
EndGlobal
