
Microsoft Visual Studio Solution File, Format Version 11.00
# Visual Studio 2010
Project("{FAE04EC0-301F-11D3-BF4B-00C04F79EFBC}") = "UnityEngine.UI", "UnityEngine.UI.csproj", "{2838c0f9-fe9c-b561-6ae8-0784af92b077}"
EndProject
Project("{FAE04EC0-301F-11D3-BF4B-00C04F79EFBC}") = "NaughtyAttributes.Test", "NaughtyAttributes.Test.csproj", "{900c2ad8-cac4-72bf-5848-d48158bc3331}"
EndProject
Project("{FAE04EC0-301F-11D3-BF4B-00C04F79EFBC}") = "UnityEngine.TestRunner", "UnityEngine.TestRunner.csproj", "{f0bae357-c8ae-eb56-0b4a-4a10eae5ac14}"
EndProject
Project("{FAE04EC0-301F-11D3-BF4B-00C04F79EFBC}") = "Assembly-CSharp-firstpass", "Assembly-CSharp-firstpass.csproj", "{99462436-85c0-d19d-deb2-f883337f427f}"
EndProject
Project("{FAE04EC0-301F-11D3-BF4B-00C04F79EFBC}") = "Unity.Timeline", "Unity.Timeline.csproj", "{7f7f4bda-44bc-075c-66c7-6bc74823b759}"
EndProject
Project("{FAE04EC0-301F-11D3-BF4B-00C04F79EFBC}") = "Cinemachine", "Cinemachine.csproj", "{f35453e5-ba48-e551-f920-c44d4096b0c5}"
EndProject
Project("{FAE04EC0-301F-11D3-BF4B-00C04F79EFBC}") = "MoreMountains.NiceVibrations.Haptics", "MoreMountains.NiceVibrations.Haptics.csproj", "{66d9d0a3-adae-18a3-0a63-3dece658ac10}"
EndProject
Project("{FAE04EC0-301F-11D3-BF4B-00C04F79EFBC}") = "LightJson", "LightJson.csproj", "{020925bc-a325-7b23-c51b-07c7318c4dec}"
EndProject
Project("{FAE04EC0-301F-11D3-BF4B-00C04F79EFBC}") = "Unity.TextMeshPro", "Unity.TextMeshPro.csproj", "{c0619508-6a05-c8bb-49ef-d8d5238fd55b}"
EndProject
Project("{FAE04EC0-301F-11D3-BF4B-00C04F79EFBC}") = "NaughtyAttributes.Core", "NaughtyAttributes.Core.csproj", "{b7dfd6d7-9f93-5f59-d76c-e3d4c29ddc0a}"
EndProject
Project("{FAE04EC0-301F-11D3-BF4B-00C04F79EFBC}") = "MoreMountains.NiceVibrations.Demos", "MoreMountains.NiceVibrations.Demos.csproj", "{06857f01-4eb5-7751-4047-46df176280b7}"
EndProject
Project("{FAE04EC0-301F-11D3-BF4B-00C04F79EFBC}") = "Unisave", "Unisave.csproj", "{ed2d2289-2ca8-60ca-1433-f4ce4defed4c}"
EndProject
Project("{FAE04EC0-301F-11D3-BF4B-00C04F79EFBC}") = "Assembly-CSharp", "Assembly-CSharp.csproj", "{f76442b6-1aeb-6d5a-3b89-ecc7066e400a}"
EndProject
Project("{FAE04EC0-301F-11D3-BF4B-00C04F79EFBC}") = "MoreMountains.NiceVibrations", "MoreMountains.NiceVibrations.csproj", "{be300c8c-aebf-0436-7f7c-a415062bd75c}"
EndProject
Project("{FAE04EC0-301F-11D3-BF4B-00C04F79EFBC}") = "Unity.HifiveUtilities", "Unity.HifiveUtilities.csproj", "{02ee2070-997d-3d21-9b04-93f086d37395}"
EndProject
Project("{FAE04EC0-301F-11D3-BF4B-00C04F79EFBC}") = "PathCreator", "PathCreator.csproj", "{597886ae-5de6-2240-1918-3418bd8f5c63}"
EndProject
Project("{FAE04EC0-301F-11D3-BF4B-00C04F79EFBC}") = "Unity.HifiveInputManager", "Unity.HifiveInputManager.csproj", "{df4c387e-0c7b-dc37-3cf6-6a8bb4232089}"
EndProject
Project("{FAE04EC0-301F-11D3-BF4B-00C04F79EFBC}") = "PathCreator.Examples", "PathCreator.Examples.csproj", "{dbdd5899-155e-6b0e-b95f-97a85e0ec646}"
EndProject
Project("{FAE04EC0-301F-11D3-BF4B-00C04F79EFBC}") = "HifiveShaders.Snowtracks", "HifiveShaders.Snowtracks.csproj", "{f70f9d7f-1f1b-c96a-46a7-15ffdf854208}"
EndProject
Project("{FAE04EC0-301F-11D3-BF4B-00C04F79EFBC}") = "HifiveShaders.LowPolyWater", "HifiveShaders.LowPolyWater.csproj", "{b7481dc6-2730-816d-ca8c-e2c66b812e53}"
EndProject
Project("{FAE04EC0-301F-11D3-BF4B-00C04F79EFBC}") = "Unity.Recorder", "Unity.Recorder.csproj", "{4739fe5e-ac32-5ba2-56c3-fadc0f840847}"
EndProject
Project("{FAE04EC0-301F-11D3-BF4B-00C04F79EFBC}") = "Unity.HifivePaint", "Unity.HifivePaint.csproj", "{738f2c2c-a880-5d96-a143-b1411efdca85}"
EndProject
Project("{FAE04EC0-301F-11D3-BF4B-00C04F79EFBC}") = "Unity.HifiveVibrator", "Unity.HifiveVibrator.csproj", "{2886c4a4-2db3-5ec4-332f-65b36eed30af}"
EndProject
Project("{FAE04EC0-301F-11D3-BF4B-00C04F79EFBC}") = "Unity.Recorder.Base", "Unity.Recorder.Base.csproj", "{c676a720-e244-863d-8a6c-03a21a53b275}"
EndProject
Project("{FAE04EC0-301F-11D3-BF4B-00C04F79EFBC}") = "UnityEditor.TestRunner", "UnityEditor.TestRunner.csproj", "{d895ee01-04b7-9c72-3d73-aca9ffb8d919}"
EndProject
Project("{FAE04EC0-301F-11D3-BF4B-00C04F79EFBC}") = "Unity.PlasticSCM.Editor", "Unity.PlasticSCM.Editor.csproj", "{6f259378-0793-4d97-5142-727667a18165}"
EndProject
Project("{FAE04EC0-301F-11D3-BF4B-00C04F79EFBC}") = "UnityEditor.UI", "UnityEditor.UI.csproj", "{563d6049-f0ae-3555-0505-7403e7963e45}"
EndProject
Project("{FAE04EC0-301F-11D3-BF4B-00C04F79EFBC}") = "Unity.Timeline.Editor", "Unity.Timeline.Editor.csproj", "{c999b611-f8df-f8f9-0d7d-6f632ee57b96}"
EndProject
Project("{FAE04EC0-301F-11D3-BF4B-00C04F79EFBC}") = "Unity.VisualStudio.Editor", "Unity.VisualStudio.Editor.csproj", "{1537de50-6917-830b-ed1f-761debf996f7}"
EndProject
Project("{FAE04EC0-301F-11D3-BF4B-00C04F79EFBC}") = "Unity.Recorder.Editor", "Unity.Recorder.Editor.csproj", "{3f6b6a25-2a2b-9701-eb24-f62df8ba3115}"
EndProject
Project("{FAE04EC0-301F-11D3-BF4B-00C04F79EFBC}") = "com.unity.cinemachine.editor", "com.unity.cinemachine.editor.csproj", "{e08d4c50-292a-c919-edb5-ba0a1eed7ad9}"
EndProject
Project("{FAE04EC0-301F-11D3-BF4B-00C04F79EFBC}") = "NaughtyAttributes.Editor", "NaughtyAttributes.Editor.csproj", "{c0844887-17e8-58ca-0b48-4e5a4931f86a}"
EndProject
Project("{FAE04EC0-301F-11D3-BF4B-00C04F79EFBC}") = "Unity.TextMeshPro.Editor", "Unity.TextMeshPro.Editor.csproj", "{c0cf67a7-9add-8a09-fd33-8013c10bbdbd}"
EndProject
Project("{FAE04EC0-301F-11D3-BF4B-00C04F79EFBC}") = "Unity.CollabProxy.Editor", "Unity.CollabProxy.Editor.csproj", "{090e7bee-bd9f-1704-9bae-2be9e278f652}"
EndProject
Project("{FAE04EC0-301F-11D3-BF4B-00C04F79EFBC}") = "Assembly-CSharp-Editor-firstpass", "Assembly-CSharp-Editor-firstpass.csproj", "{db7c7dad-705b-b809-090e-a655a8fdf80a}"
EndProject
Project("{FAE04EC0-301F-11D3-BF4B-00C04F79EFBC}") = "PathCreatorEditor", "PathCreatorEditor.csproj", "{2f31e209-b495-5216-1918-aca648e0f4a6}"
EndProject
Project("{FAE04EC0-301F-11D3-BF4B-00C04F79EFBC}") = "Unity.Rider.Editor", "Unity.Rider.Editor.csproj", "{b0aa2b4a-9757-825d-865c-46783f08a0c4}"
EndProject
Project("{FAE04EC0-301F-11D3-BF4B-00C04F79EFBC}") = "Assembly-CSharp-Editor", "Assembly-CSharp-Editor.csproj", "{b24261ab-0f1d-e1f2-ec77-feeb7329804e}"
EndProject
Project("{FAE04EC0-301F-11D3-BF4B-00C04F79EFBC}") = "Unity.VSCode.Editor", "Unity.VSCode.Editor.csproj", "{4b6bdb25-d68a-3a78-ffd5-174c1bf2b98e}"
EndProject
Project("{FAE04EC0-301F-11D3-BF4B-00C04F79EFBC}") = "MoreMountains.NiceVibrations.Editor", "MoreMountains.NiceVibrations.Editor.csproj", "{1e43e929-0d1b-7d6a-e887-f848cb764ce5}"
EndProject
Project("{FAE04EC0-301F-11D3-BF4B-00C04F79EFBC}") = "Unity.HifiveInputManager.Editor", "Unity.HifiveInputManager.Editor.csproj", "{4f8be0ac-5c27-0bfa-a660-fc1bcc7b7877}"
EndProject
Project("{FAE04EC0-301F-11D3-BF4B-00C04F79EFBC}") = "Unity.HifiveShaders.Editor", "Unity.HifiveShaders.Editor.csproj", "{4872827e-9cea-7919-7b46-69ee938707e0}"
EndProject
Project("{FAE04EC0-301F-11D3-BF4B-00C04F79EFBC}") = "Unity.HifiveUtilities.Editor", "Unity.HifiveUtilities.Editor.csproj", "{52d66724-4ee7-abfd-1cf4-21b30b1691d0}"
EndProject
Project("{FAE04EC0-301F-11D3-BF4B-00C04F79EFBC}") = "Unity.HifivePathManager.Editor", "Unity.HifivePathManager.Editor.csproj", "{a0d3a508-421b-80c5-9de5-9faed94b29c7}"
EndProject
Project("{FAE04EC0-301F-11D3-BF4B-00C04F79EFBC}") = "PathCreator.Examples.Editor", "PathCreator.Examples.Editor.csproj", "{a15f183c-d1cb-378f-0670-037d1abd172f}"
EndProject
Project("{FAE04EC0-301F-11D3-BF4B-00C04F79EFBC}") = "UnityEngine.UI", "UnityEngine.UI.Player.csproj", "{1a67d8c0-7d62-16fd-1941-3e37ecab792f}"
EndProject
Project("{FAE04EC0-301F-11D3-BF4B-00C04F79EFBC}") = "NaughtyAttributes.Test", "NaughtyAttributes.Test.Player.csproj", "{f3b8a6dd-c5a6-8fdb-b037-ef722f21398f}"
EndProject
Project("{FAE04EC0-301F-11D3-BF4B-00C04F79EFBC}") = "UnityEngine.TestRunner", "UnityEngine.TestRunner.Player.csproj", "{c9c0c019-d2ff-dab7-7d9b-cf8969219859}"
EndProject
Project("{FAE04EC0-301F-11D3-BF4B-00C04F79EFBC}") = "Assembly-CSharp-firstpass", "Assembly-CSharp-firstpass.Player.csproj", "{89ff5084-1acb-c4d7-b550-83ca3ace136b}"
EndProject
Project("{FAE04EC0-301F-11D3-BF4B-00C04F79EFBC}") = "Unity.Timeline", "Unity.Timeline.Player.csproj", "{55ae61a5-8927-a022-9cd2-cee52e1f3a63}"
EndProject
Project("{FAE04EC0-301F-11D3-BF4B-00C04F79EFBC}") = "Cinemachine", "Cinemachine.Player.csproj", "{0311518d-c984-d435-d31f-04fca86ebc0f}"
EndProject
Project("{FAE04EC0-301F-11D3-BF4B-00C04F79EFBC}") = "MoreMountains.NiceVibrations.Haptics", "MoreMountains.NiceVibrations.Haptics.Player.csproj", "{5a76fd20-6917-c797-9ccd-e2128ce48001}"
EndProject
Project("{FAE04EC0-301F-11D3-BF4B-00C04F79EFBC}") = "LightJson", "LightJson.Player.csproj", "{25bde4ef-47f8-3eb2-28b9-d1f59ce727e5}"
EndProject
Project("{FAE04EC0-301F-11D3-BF4B-00C04F79EFBC}") = "Unity.TextMeshPro", "Unity.TextMeshPro.Player.csproj", "{75d6e558-2e10-0734-5c4d-4d26607f8777}"
EndProject
Project("{FAE04EC0-301F-11D3-BF4B-00C04F79EFBC}") = "NaughtyAttributes.Core", "NaughtyAttributes.Core.Player.csproj", "{d3b85900-16d3-bf39-02dd-734a482e6da3}"
EndProject
Project("{FAE04EC0-301F-11D3-BF4B-00C04F79EFBC}") = "MoreMountains.NiceVibrations.Demos", "MoreMountains.NiceVibrations.Demos.Player.csproj", "{964b8e75-a6ab-ff97-ea33-11fe4a16accd}"
EndProject
Project("{FAE04EC0-301F-11D3-BF4B-00C04F79EFBC}") = "Unisave", "Unisave.Player.csproj", "{99b90a99-211f-fb8c-cced-cdf98dd05932}"
EndProject
Project("{FAE04EC0-301F-11D3-BF4B-00C04F79EFBC}") = "Assembly-CSharp", "Assembly-CSharp.Player.csproj", "{6b61ae6e-7ec9-5098-ccfc-90e7ed26eeca}"
EndProject
Project("{FAE04EC0-301F-11D3-BF4B-00C04F79EFBC}") = "MoreMountains.NiceVibrations", "MoreMountains.NiceVibrations.Player.csproj", "{bc6a6c50-527a-90d0-08b8-83e639d31e26}"
EndProject
Project("{FAE04EC0-301F-11D3-BF4B-00C04F79EFBC}") = "Unity.HifiveUtilities", "Unity.HifiveUtilities.Player.csproj", "{f93dd9ad-b9c0-cb1a-a3a5-3dcb37a28adf}"
EndProject
Project("{FAE04EC0-301F-11D3-BF4B-00C04F79EFBC}") = "PathCreator", "PathCreator.Player.csproj", "{ac7dfb26-1798-0cea-dd2e-01cabed0ff17}"
EndProject
Project("{FAE04EC0-301F-11D3-BF4B-00C04F79EFBC}") = "Unity.HifiveInputManager", "Unity.HifiveInputManager.Player.csproj", "{8865c15b-c2ad-f489-03a0-6fc31d5c9a22}"
EndProject
Project("{FAE04EC0-301F-11D3-BF4B-00C04F79EFBC}") = "PathCreator.Examples", "PathCreator.Examples.Player.csproj", "{05d72e85-012c-f4bc-c065-9dbc91d6d816}"
EndProject
Project("{FAE04EC0-301F-11D3-BF4B-00C04F79EFBC}") = "HifiveShaders.Snowtracks", "HifiveShaders.Snowtracks.Player.csproj", "{168488a0-a033-bcb8-f25a-7d264ca2eba2}"
EndProject
Project("{FAE04EC0-301F-11D3-BF4B-00C04F79EFBC}") = "HifiveShaders.LowPolyWater", "HifiveShaders.LowPolyWater.Player.csproj", "{2de10c08-2cfa-6b20-095e-f4374200d0d8}"
EndProject
Project("{FAE04EC0-301F-11D3-BF4B-00C04F79EFBC}") = "Unity.Recorder", "Unity.Recorder.Player.csproj", "{eec0a216-aad1-6e0e-c78e-0342ed598bb2}"
EndProject
Project("{FAE04EC0-301F-11D3-BF4B-00C04F79EFBC}") = "Unity.HifivePaint", "Unity.HifivePaint.Player.csproj", "{b7d078c8-180a-fd7c-ecca-cb1d4b8b6e96}"
EndProject
Project("{FAE04EC0-301F-11D3-BF4B-00C04F79EFBC}") = "Unity.HifiveVibrator", "Unity.HifiveVibrator.Player.csproj", "{a70f147a-adca-bb5c-1257-c433839f7bf9}"
EndProject
Project("{FAE04EC0-301F-11D3-BF4B-00C04F79EFBC}") = "Unity.Recorder.Base", "Unity.Recorder.Base.Player.csproj", "{a86832d4-cf37-3231-485c-ce2d79ff1d10}"
EndProject
Project("{FAE04EC0-301F-11D3-BF4B-00C04F79EFBC}") = "MoreMountains.NiceVibrations.Rumble", "MoreMountains.NiceVibrations.Rumble.csproj", "{25c74ced-d733-ab01-13ac-17f8cc464f34}"
EndProject
Project("{FAE04EC0-301F-11D3-BF4B-00C04F79EFBC}") = "Unity.PlasticSCM.EditorTests", "Unity.PlasticSCM.EditorTests.csproj", "{4a79e775-bfcd-2a5c-ef9d-7c843b50d0d7}"
EndProject
Project("{FAE04EC0-301F-11D3-BF4B-00C04F79EFBC}") = "Unity.TextMeshPro.Editor.Tests", "Unity.TextMeshPro.Editor.Tests.csproj", "{659b83d6-8b90-e138-cd72-110d93456a75}"
EndProject
Project("{FAE04EC0-301F-11D3-BF4B-00C04F79EFBC}") = "DocCodeExamples", "DocCodeExamples.csproj", "{82ec8370-0a8b-e124-9da1-1851c0867333}"
EndProject
Project("{FAE04EC0-301F-11D3-BF4B-00C04F79EFBC}") = "com.unity.cinemachine.EditorTests", "com.unity.cinemachine.EditorTests.csproj", "{9e1193ee-536e-2cc3-ef10-04c327fd5418}"
EndProject
Project("{FAE04EC0-301F-11D3-BF4B-00C04F79EFBC}") = "MoreMountains.NiceVibrations.Rumble.Editor", "MoreMountains.NiceVibrations.Rumble.Editor.csproj", "{fa25f27b-4a06-f949-d56d-dc89f38fdc0a}"
EndProject
Project("{FAE04EC0-301F-11D3-BF4B-00C04F79EFBC}") = "Unity.CollabProxy.EditorTests", "Unity.CollabProxy.EditorTests.csproj", "{9e43d58a-ad70-337d-646a-1a02fec11010}"
EndProject
Project("{FAE04EC0-301F-11D3-BF4B-00C04F79EFBC}") = "UnityEngine.UI.Tests", "UnityEngine.UI.Tests.csproj", "{310bee7a-371b-c640-7b65-585817f7916f}"
EndProject
Project("{FAE04EC0-301F-11D3-BF4B-00C04F79EFBC}") = "Unity.Nuget.NewtonsoftJson.EditorTests", "Unity.Nuget.NewtonsoftJson.EditorTests.csproj", "{c9144c2a-36be-c1ee-0f3c-e6638d64f9ca}"
EndProject
Project("{FAE04EC0-301F-11D3-BF4B-00C04F79EFBC}") = "com.unity.cinemachine.Tests", "com.unity.cinemachine.Tests.csproj", "{06f5443c-b743-996f-268d-dc654464e513}"
EndProject
Project("{FAE04EC0-301F-11D3-BF4B-00C04F79EFBC}") = "Unity.TextMeshPro.Tests", "Unity.TextMeshPro.Tests.csproj", "{816d0af7-9253-f690-d55f-58fb6f32dbdf}"
EndProject
Project("{FAE04EC0-301F-11D3-BF4B-00C04F79EFBC}") = "UnityEditor.UI.EditorTests", "UnityEditor.UI.EditorTests.csproj", "{de41a32d-118c-f308-a92e-be87662501ce}"
EndProject
Global
	GlobalSection(SolutionConfigurationPlatforms) = preSolution
		Debug|Any CPU = Debug|Any CPU
	EndGlobalSection
	GlobalSection(ProjectConfigurationPlatforms) = postSolution
		{2838c0f9-fe9c-b561-6ae8-0784af92b077}.Debug|Any CPU.ActiveCfg = Debug|Any CPU
		{2838c0f9-fe9c-b561-6ae8-0784af92b077}.Debug|Any CPU.Build.0 = Debug|Any CPU
		{900c2ad8-cac4-72bf-5848-d48158bc3331}.Debug|Any CPU.ActiveCfg = Debug|Any CPU
		{900c2ad8-cac4-72bf-5848-d48158bc3331}.Debug|Any CPU.Build.0 = Debug|Any CPU
		{f0bae357-c8ae-eb56-0b4a-4a10eae5ac14}.Debug|Any CPU.ActiveCfg = Debug|Any CPU
		{f0bae357-c8ae-eb56-0b4a-4a10eae5ac14}.Debug|Any CPU.Build.0 = Debug|Any CPU
		{99462436-85c0-d19d-deb2-f883337f427f}.Debug|Any CPU.ActiveCfg = Debug|Any CPU
		{99462436-85c0-d19d-deb2-f883337f427f}.Debug|Any CPU.Build.0 = Debug|Any CPU
		{7f7f4bda-44bc-075c-66c7-6bc74823b759}.Debug|Any CPU.ActiveCfg = Debug|Any CPU
		{7f7f4bda-44bc-075c-66c7-6bc74823b759}.Debug|Any CPU.Build.0 = Debug|Any CPU
		{f35453e5-ba48-e551-f920-c44d4096b0c5}.Debug|Any CPU.ActiveCfg = Debug|Any CPU
		{f35453e5-ba48-e551-f920-c44d4096b0c5}.Debug|Any CPU.Build.0 = Debug|Any CPU
		{66d9d0a3-adae-18a3-0a63-3dece658ac10}.Debug|Any CPU.ActiveCfg = Debug|Any CPU
		{66d9d0a3-adae-18a3-0a63-3dece658ac10}.Debug|Any CPU.Build.0 = Debug|Any CPU
		{020925bc-a325-7b23-c51b-07c7318c4dec}.Debug|Any CPU.ActiveCfg = Debug|Any CPU
		{020925bc-a325-7b23-c51b-07c7318c4dec}.Debug|Any CPU.Build.0 = Debug|Any CPU
		{c0619508-6a05-c8bb-49ef-d8d5238fd55b}.Debug|Any CPU.ActiveCfg = Debug|Any CPU
		{c0619508-6a05-c8bb-49ef-d8d5238fd55b}.Debug|Any CPU.Build.0 = Debug|Any CPU
		{b7dfd6d7-9f93-5f59-d76c-e3d4c29ddc0a}.Debug|Any CPU.ActiveCfg = Debug|Any CPU
		{b7dfd6d7-9f93-5f59-d76c-e3d4c29ddc0a}.Debug|Any CPU.Build.0 = Debug|Any CPU
		{06857f01-4eb5-7751-4047-46df176280b7}.Debug|Any CPU.ActiveCfg = Debug|Any CPU
		{06857f01-4eb5-7751-4047-46df176280b7}.Debug|Any CPU.Build.0 = Debug|Any CPU
		{ed2d2289-2ca8-60ca-1433-f4ce4defed4c}.Debug|Any CPU.ActiveCfg = Debug|Any CPU
		{ed2d2289-2ca8-60ca-1433-f4ce4defed4c}.Debug|Any CPU.Build.0 = Debug|Any CPU
		{f76442b6-1aeb-6d5a-3b89-ecc7066e400a}.Debug|Any CPU.ActiveCfg = Debug|Any CPU
		{f76442b6-1aeb-6d5a-3b89-ecc7066e400a}.Debug|Any CPU.Build.0 = Debug|Any CPU
		{be300c8c-aebf-0436-7f7c-a415062bd75c}.Debug|Any CPU.ActiveCfg = Debug|Any CPU
		{be300c8c-aebf-0436-7f7c-a415062bd75c}.Debug|Any CPU.Build.0 = Debug|Any CPU
		{02ee2070-997d-3d21-9b04-93f086d37395}.Debug|Any CPU.ActiveCfg = Debug|Any CPU
		{02ee2070-997d-3d21-9b04-93f086d37395}.Debug|Any CPU.Build.0 = Debug|Any CPU
		{597886ae-5de6-2240-1918-3418bd8f5c63}.Debug|Any CPU.ActiveCfg = Debug|Any CPU
		{597886ae-5de6-2240-1918-3418bd8f5c63}.Debug|Any CPU.Build.0 = Debug|Any CPU
		{df4c387e-0c7b-dc37-3cf6-6a8bb4232089}.Debug|Any CPU.ActiveCfg = Debug|Any CPU
		{df4c387e-0c7b-dc37-3cf6-6a8bb4232089}.Debug|Any CPU.Build.0 = Debug|Any CPU
		{dbdd5899-155e-6b0e-b95f-97a85e0ec646}.Debug|Any CPU.ActiveCfg = Debug|Any CPU
		{dbdd5899-155e-6b0e-b95f-97a85e0ec646}.Debug|Any CPU.Build.0 = Debug|Any CPU
		{f70f9d7f-1f1b-c96a-46a7-15ffdf854208}.Debug|Any CPU.ActiveCfg = Debug|Any CPU
		{f70f9d7f-1f1b-c96a-46a7-15ffdf854208}.Debug|Any CPU.Build.0 = Debug|Any CPU
		{b7481dc6-2730-816d-ca8c-e2c66b812e53}.Debug|Any CPU.ActiveCfg = Debug|Any CPU
		{b7481dc6-2730-816d-ca8c-e2c66b812e53}.Debug|Any CPU.Build.0 = Debug|Any CPU
		{4739fe5e-ac32-5ba2-56c3-fadc0f840847}.Debug|Any CPU.ActiveCfg = Debug|Any CPU
		{4739fe5e-ac32-5ba2-56c3-fadc0f840847}.Debug|Any CPU.Build.0 = Debug|Any CPU
		{738f2c2c-a880-5d96-a143-b1411efdca85}.Debug|Any CPU.ActiveCfg = Debug|Any CPU
		{738f2c2c-a880-5d96-a143-b1411efdca85}.Debug|Any CPU.Build.0 = Debug|Any CPU
		{2886c4a4-2db3-5ec4-332f-65b36eed30af}.Debug|Any CPU.ActiveCfg = Debug|Any CPU
		{2886c4a4-2db3-5ec4-332f-65b36eed30af}.Debug|Any CPU.Build.0 = Debug|Any CPU
		{c676a720-e244-863d-8a6c-03a21a53b275}.Debug|Any CPU.ActiveCfg = Debug|Any CPU
		{c676a720-e244-863d-8a6c-03a21a53b275}.Debug|Any CPU.Build.0 = Debug|Any CPU
		{d895ee01-04b7-9c72-3d73-aca9ffb8d919}.Debug|Any CPU.ActiveCfg = Debug|Any CPU
		{d895ee01-04b7-9c72-3d73-aca9ffb8d919}.Debug|Any CPU.Build.0 = Debug|Any CPU
		{6f259378-0793-4d97-5142-727667a18165}.Debug|Any CPU.ActiveCfg = Debug|Any CPU
		{6f259378-0793-4d97-5142-727667a18165}.Debug|Any CPU.Build.0 = Debug|Any CPU
		{563d6049-f0ae-3555-0505-7403e7963e45}.Debug|Any CPU.ActiveCfg = Debug|Any CPU
		{563d6049-f0ae-3555-0505-7403e7963e45}.Debug|Any CPU.Build.0 = Debug|Any CPU
		{c999b611-f8df-f8f9-0d7d-6f632ee57b96}.Debug|Any CPU.ActiveCfg = Debug|Any CPU
		{c999b611-f8df-f8f9-0d7d-6f632ee57b96}.Debug|Any CPU.Build.0 = Debug|Any CPU
		{1537de50-6917-830b-ed1f-761debf996f7}.Debug|Any CPU.ActiveCfg = Debug|Any CPU
		{1537de50-6917-830b-ed1f-761debf996f7}.Debug|Any CPU.Build.0 = Debug|Any CPU
		{3f6b6a25-2a2b-9701-eb24-f62df8ba3115}.Debug|Any CPU.ActiveCfg = Debug|Any CPU
		{3f6b6a25-2a2b-9701-eb24-f62df8ba3115}.Debug|Any CPU.Build.0 = Debug|Any CPU
		{e08d4c50-292a-c919-edb5-ba0a1eed7ad9}.Debug|Any CPU.ActiveCfg = Debug|Any CPU
		{e08d4c50-292a-c919-edb5-ba0a1eed7ad9}.Debug|Any CPU.Build.0 = Debug|Any CPU
		{c0844887-17e8-58ca-0b48-4e5a4931f86a}.Debug|Any CPU.ActiveCfg = Debug|Any CPU
		{c0844887-17e8-58ca-0b48-4e5a4931f86a}.Debug|Any CPU.Build.0 = Debug|Any CPU
		{c0cf67a7-9add-8a09-fd33-8013c10bbdbd}.Debug|Any CPU.ActiveCfg = Debug|Any CPU
		{c0cf67a7-9add-8a09-fd33-8013c10bbdbd}.Debug|Any CPU.Build.0 = Debug|Any CPU
		{090e7bee-bd9f-1704-9bae-2be9e278f652}.Debug|Any CPU.ActiveCfg = Debug|Any CPU
		{090e7bee-bd9f-1704-9bae-2be9e278f652}.Debug|Any CPU.Build.0 = Debug|Any CPU
		{db7c7dad-705b-b809-090e-a655a8fdf80a}.Debug|Any CPU.ActiveCfg = Debug|Any CPU
		{db7c7dad-705b-b809-090e-a655a8fdf80a}.Debug|Any CPU.Build.0 = Debug|Any CPU
		{2f31e209-b495-5216-1918-aca648e0f4a6}.Debug|Any CPU.ActiveCfg = Debug|Any CPU
		{2f31e209-b495-5216-1918-aca648e0f4a6}.Debug|Any CPU.Build.0 = Debug|Any CPU
		{b0aa2b4a-9757-825d-865c-46783f08a0c4}.Debug|Any CPU.ActiveCfg = Debug|Any CPU
		{b0aa2b4a-9757-825d-865c-46783f08a0c4}.Debug|Any CPU.Build.0 = Debug|Any CPU
		{b24261ab-0f1d-e1f2-ec77-feeb7329804e}.Debug|Any CPU.ActiveCfg = Debug|Any CPU
		{b24261ab-0f1d-e1f2-ec77-feeb7329804e}.Debug|Any CPU.Build.0 = Debug|Any CPU
		{4b6bdb25-d68a-3a78-ffd5-174c1bf2b98e}.Debug|Any CPU.ActiveCfg = Debug|Any CPU
		{4b6bdb25-d68a-3a78-ffd5-174c1bf2b98e}.Debug|Any CPU.Build.0 = Debug|Any CPU
		{1e43e929-0d1b-7d6a-e887-f848cb764ce5}.Debug|Any CPU.ActiveCfg = Debug|Any CPU
		{1e43e929-0d1b-7d6a-e887-f848cb764ce5}.Debug|Any CPU.Build.0 = Debug|Any CPU
		{4f8be0ac-5c27-0bfa-a660-fc1bcc7b7877}.Debug|Any CPU.ActiveCfg = Debug|Any CPU
		{4f8be0ac-5c27-0bfa-a660-fc1bcc7b7877}.Debug|Any CPU.Build.0 = Debug|Any CPU
		{4872827e-9cea-7919-7b46-69ee938707e0}.Debug|Any CPU.ActiveCfg = Debug|Any CPU
		{4872827e-9cea-7919-7b46-69ee938707e0}.Debug|Any CPU.Build.0 = Debug|Any CPU
		{52d66724-4ee7-abfd-1cf4-21b30b1691d0}.Debug|Any CPU.ActiveCfg = Debug|Any CPU
		{52d66724-4ee7-abfd-1cf4-21b30b1691d0}.Debug|Any CPU.Build.0 = Debug|Any CPU
		{a0d3a508-421b-80c5-9de5-9faed94b29c7}.Debug|Any CPU.ActiveCfg = Debug|Any CPU
		{a0d3a508-421b-80c5-9de5-9faed94b29c7}.Debug|Any CPU.Build.0 = Debug|Any CPU
		{a15f183c-d1cb-378f-0670-037d1abd172f}.Debug|Any CPU.ActiveCfg = Debug|Any CPU
		{a15f183c-d1cb-378f-0670-037d1abd172f}.Debug|Any CPU.Build.0 = Debug|Any CPU
		{1a67d8c0-7d62-16fd-1941-3e37ecab792f}.Debug|Any CPU.ActiveCfg = Debug|Any CPU
		{1a67d8c0-7d62-16fd-1941-3e37ecab792f}.Debug|Any CPU.Build.0 = Debug|Any CPU
		{f3b8a6dd-c5a6-8fdb-b037-ef722f21398f}.Debug|Any CPU.ActiveCfg = Debug|Any CPU
		{f3b8a6dd-c5a6-8fdb-b037-ef722f21398f}.Debug|Any CPU.Build.0 = Debug|Any CPU
		{c9c0c019-d2ff-dab7-7d9b-cf8969219859}.Debug|Any CPU.ActiveCfg = Debug|Any CPU
		{c9c0c019-d2ff-dab7-7d9b-cf8969219859}.Debug|Any CPU.Build.0 = Debug|Any CPU
		{89ff5084-1acb-c4d7-b550-83ca3ace136b}.Debug|Any CPU.ActiveCfg = Debug|Any CPU
		{89ff5084-1acb-c4d7-b550-83ca3ace136b}.Debug|Any CPU.Build.0 = Debug|Any CPU
		{55ae61a5-8927-a022-9cd2-cee52e1f3a63}.Debug|Any CPU.ActiveCfg = Debug|Any CPU
		{55ae61a5-8927-a022-9cd2-cee52e1f3a63}.Debug|Any CPU.Build.0 = Debug|Any CPU
		{0311518d-c984-d435-d31f-04fca86ebc0f}.Debug|Any CPU.ActiveCfg = Debug|Any CPU
		{0311518d-c984-d435-d31f-04fca86ebc0f}.Debug|Any CPU.Build.0 = Debug|Any CPU
		{5a76fd20-6917-c797-9ccd-e2128ce48001}.Debug|Any CPU.ActiveCfg = Debug|Any CPU
		{5a76fd20-6917-c797-9ccd-e2128ce48001}.Debug|Any CPU.Build.0 = Debug|Any CPU
		{25bde4ef-47f8-3eb2-28b9-d1f59ce727e5}.Debug|Any CPU.ActiveCfg = Debug|Any CPU
		{25bde4ef-47f8-3eb2-28b9-d1f59ce727e5}.Debug|Any CPU.Build.0 = Debug|Any CPU
		{75d6e558-2e10-0734-5c4d-4d26607f8777}.Debug|Any CPU.ActiveCfg = Debug|Any CPU
		{75d6e558-2e10-0734-5c4d-4d26607f8777}.Debug|Any CPU.Build.0 = Debug|Any CPU
		{d3b85900-16d3-bf39-02dd-734a482e6da3}.Debug|Any CPU.ActiveCfg = Debug|Any CPU
		{d3b85900-16d3-bf39-02dd-734a482e6da3}.Debug|Any CPU.Build.0 = Debug|Any CPU
		{964b8e75-a6ab-ff97-ea33-11fe4a16accd}.Debug|Any CPU.ActiveCfg = Debug|Any CPU
		{964b8e75-a6ab-ff97-ea33-11fe4a16accd}.Debug|Any CPU.Build.0 = Debug|Any CPU
		{99b90a99-211f-fb8c-cced-cdf98dd05932}.Debug|Any CPU.ActiveCfg = Debug|Any CPU
		{99b90a99-211f-fb8c-cced-cdf98dd05932}.Debug|Any CPU.Build.0 = Debug|Any CPU
		{6b61ae6e-7ec9-5098-ccfc-90e7ed26eeca}.Debug|Any CPU.ActiveCfg = Debug|Any CPU
		{6b61ae6e-7ec9-5098-ccfc-90e7ed26eeca}.Debug|Any CPU.Build.0 = Debug|Any CPU
		{bc6a6c50-527a-90d0-08b8-83e639d31e26}.Debug|Any CPU.ActiveCfg = Debug|Any CPU
		{bc6a6c50-527a-90d0-08b8-83e639d31e26}.Debug|Any CPU.Build.0 = Debug|Any CPU
		{f93dd9ad-b9c0-cb1a-a3a5-3dcb37a28adf}.Debug|Any CPU.ActiveCfg = Debug|Any CPU
		{f93dd9ad-b9c0-cb1a-a3a5-3dcb37a28adf}.Debug|Any CPU.Build.0 = Debug|Any CPU
		{ac7dfb26-1798-0cea-dd2e-01cabed0ff17}.Debug|Any CPU.ActiveCfg = Debug|Any CPU
		{ac7dfb26-1798-0cea-dd2e-01cabed0ff17}.Debug|Any CPU.Build.0 = Debug|Any CPU
		{8865c15b-c2ad-f489-03a0-6fc31d5c9a22}.Debug|Any CPU.ActiveCfg = Debug|Any CPU
		{8865c15b-c2ad-f489-03a0-6fc31d5c9a22}.Debug|Any CPU.Build.0 = Debug|Any CPU
		{05d72e85-012c-f4bc-c065-9dbc91d6d816}.Debug|Any CPU.ActiveCfg = Debug|Any CPU
		{05d72e85-012c-f4bc-c065-9dbc91d6d816}.Debug|Any CPU.Build.0 = Debug|Any CPU
		{168488a0-a033-bcb8-f25a-7d264ca2eba2}.Debug|Any CPU.ActiveCfg = Debug|Any CPU
		{168488a0-a033-bcb8-f25a-7d264ca2eba2}.Debug|Any CPU.Build.0 = Debug|Any CPU
		{2de10c08-2cfa-6b20-095e-f4374200d0d8}.Debug|Any CPU.ActiveCfg = Debug|Any CPU
		{2de10c08-2cfa-6b20-095e-f4374200d0d8}.Debug|Any CPU.Build.0 = Debug|Any CPU
		{eec0a216-aad1-6e0e-c78e-0342ed598bb2}.Debug|Any CPU.ActiveCfg = Debug|Any CPU
		{eec0a216-aad1-6e0e-c78e-0342ed598bb2}.Debug|Any CPU.Build.0 = Debug|Any CPU
		{b7d078c8-180a-fd7c-ecca-cb1d4b8b6e96}.Debug|Any CPU.ActiveCfg = Debug|Any CPU
		{b7d078c8-180a-fd7c-ecca-cb1d4b8b6e96}.Debug|Any CPU.Build.0 = Debug|Any CPU
		{a70f147a-adca-bb5c-1257-c433839f7bf9}.Debug|Any CPU.ActiveCfg = Debug|Any CPU
		{a70f147a-adca-bb5c-1257-c433839f7bf9}.Debug|Any CPU.Build.0 = Debug|Any CPU
		{a86832d4-cf37-3231-485c-ce2d79ff1d10}.Debug|Any CPU.ActiveCfg = Debug|Any CPU
		{a86832d4-cf37-3231-485c-ce2d79ff1d10}.Debug|Any CPU.Build.0 = Debug|Any CPU
		{25c74ced-d733-ab01-13ac-17f8cc464f34}.Debug|Any CPU.ActiveCfg = Debug|Any CPU
		{25c74ced-d733-ab01-13ac-17f8cc464f34}.Debug|Any CPU.Build.0 = Debug|Any CPU
		{4a79e775-bfcd-2a5c-ef9d-7c843b50d0d7}.Debug|Any CPU.ActiveCfg = Debug|Any CPU
		{4a79e775-bfcd-2a5c-ef9d-7c843b50d0d7}.Debug|Any CPU.Build.0 = Debug|Any CPU
		{659b83d6-8b90-e138-cd72-110d93456a75}.Debug|Any CPU.ActiveCfg = Debug|Any CPU
		{659b83d6-8b90-e138-cd72-110d93456a75}.Debug|Any CPU.Build.0 = Debug|Any CPU
		{82ec8370-0a8b-e124-9da1-1851c0867333}.Debug|Any CPU.ActiveCfg = Debug|Any CPU
		{82ec8370-0a8b-e124-9da1-1851c0867333}.Debug|Any CPU.Build.0 = Debug|Any CPU
		{9e1193ee-536e-2cc3-ef10-04c327fd5418}.Debug|Any CPU.ActiveCfg = Debug|Any CPU
		{9e1193ee-536e-2cc3-ef10-04c327fd5418}.Debug|Any CPU.Build.0 = Debug|Any CPU
		{fa25f27b-4a06-f949-d56d-dc89f38fdc0a}.Debug|Any CPU.ActiveCfg = Debug|Any CPU
		{fa25f27b-4a06-f949-d56d-dc89f38fdc0a}.Debug|Any CPU.Build.0 = Debug|Any CPU
		{9e43d58a-ad70-337d-646a-1a02fec11010}.Debug|Any CPU.ActiveCfg = Debug|Any CPU
		{9e43d58a-ad70-337d-646a-1a02fec11010}.Debug|Any CPU.Build.0 = Debug|Any CPU
		{310bee7a-371b-c640-7b65-585817f7916f}.Debug|Any CPU.ActiveCfg = Debug|Any CPU
		{310bee7a-371b-c640-7b65-585817f7916f}.Debug|Any CPU.Build.0 = Debug|Any CPU
		{c9144c2a-36be-c1ee-0f3c-e6638d64f9ca}.Debug|Any CPU.ActiveCfg = Debug|Any CPU
		{c9144c2a-36be-c1ee-0f3c-e6638d64f9ca}.Debug|Any CPU.Build.0 = Debug|Any CPU
		{06f5443c-b743-996f-268d-dc654464e513}.Debug|Any CPU.ActiveCfg = Debug|Any CPU
		{06f5443c-b743-996f-268d-dc654464e513}.Debug|Any CPU.Build.0 = Debug|Any CPU
		{816d0af7-9253-f690-d55f-58fb6f32dbdf}.Debug|Any CPU.ActiveCfg = Debug|Any CPU
		{816d0af7-9253-f690-d55f-58fb6f32dbdf}.Debug|Any CPU.Build.0 = Debug|Any CPU
		{de41a32d-118c-f308-a92e-be87662501ce}.Debug|Any CPU.ActiveCfg = Debug|Any CPU
		{de41a32d-118c-f308-a92e-be87662501ce}.Debug|Any CPU.Build.0 = Debug|Any CPU
	EndGlobalSection
	GlobalSection(SolutionProperties) = preSolution
		HideSolutionNode = FALSE
	EndGlobalSection
EndGlobal
